
Microsoft Visual Studio Solution File, Format Version 12.00
# Visual Studio Version 17
VisualStudioVersion = 17.6.33829.357
MinimumVisualStudioVersion = 10.0.40219.1
Project("{FAE04EC0-301F-11D3-BF4B-00C04F79EFBC}") = "FfxivIslandLazySolver", "FfxivIslandLazySolver.csproj", "{A159DA89-36B7-4844-9FE7-1D7CE5AE4103}"
EndProject
Global
	GlobalSection(SolutionConfigurationPlatforms) = preSolution
		Debug|Any CPU = Debug|Any CPU
		Release|Any CPU = Release|Any CPU
	EndGlobalSection
	GlobalSection(ProjectConfigurationPlatforms) = postSolution
		{A159DA89-36B7-4844-9FE7-1D7CE5AE4103}.Debug|Any CPU.ActiveCfg = Debug|Any CPU
		{A159DA89-36B7-4844-9FE7-1D7CE5AE4103}.Debug|Any CPU.Build.0 = Debug|Any CPU
		{A159DA89-36B7-4844-9FE7-1D7CE5AE4103}.Release|Any CPU.ActiveCfg = Release|Any CPU
		{A159DA89-36B7-4844-9FE7-1D7CE5AE4103}.Release|Any CPU.Build.0 = Release|Any CPU
	EndGlobalSection
	GlobalSection(SolutionProperties) = preSolution
		HideSolutionNode = FALSE
	EndGlobalSection
	GlobalSection(ExtensibilityGlobals) = postSolution
		SolutionGuid = {0AF9197D-3D5B-4499-9224-075A229511C5}
	EndGlobalSection
EndGlobal
